// !$*UTF8*$!
{
	archiveVersion = 1;
	classes = {
	};
	objectVersion = 50;
	objects = {

/* Begin PBXBuildFile section */
		AC0586F22408278B00B6CAF1 /* OrderCreatingOrderTableview.swift in Sources */ = {isa = PBXBuildFile; fileRef = AC0586F12408278B00B6CAF1 /* OrderCreatingOrderTableview.swift */; };
		AC0586F62408284100B6CAF1 /* OrderOption.swift in Sources */ = {isa = PBXBuildFile; fileRef = AC0586F52408284100B6CAF1 /* OrderOption.swift */; };
		AC0586F824082AA900B6CAF1 /* OCOCustomerCountCell.swift in Sources */ = {isa = PBXBuildFile; fileRef = AC0586F724082AA900B6CAF1 /* OCOCustomerCountCell.swift */; };
		AC0586FA2408313B00B6CAF1 /* Order.swift in Sources */ = {isa = PBXBuildFile; fileRef = AC0586F92408313B00B6CAF1 /* Order.swift */; };
		AC0586FD240835FE00B6CAF1 /* OrderCreatingOrderVCConfiguration.swift in Sources */ = {isa = PBXBuildFile; fileRef = AC0586FC240835FE00B6CAF1 /* OrderCreatingOrderVCConfiguration.swift */; };
		AC6FE9232408394900F7A616 /* OCOOrderOptionCell.swift in Sources */ = {isa = PBXBuildFile; fileRef = AC6FE9222408394900F7A616 /* OCOOrderOptionCell.swift */; };
		AC71DE2F2406F5AE00363F7A /* AppDelegate.swift in Sources */ = {isa = PBXBuildFile; fileRef = AC71DE2E2406F5AE00363F7A /* AppDelegate.swift */; };
		AC71DE312406F5AE00363F7A /* SceneDelegate.swift in Sources */ = {isa = PBXBuildFile; fileRef = AC71DE302406F5AE00363F7A /* SceneDelegate.swift */; };
		AC71DE382406F5B100363F7A /* Assets.xcassets in Resources */ = {isa = PBXBuildFile; fileRef = AC71DE372406F5B100363F7A /* Assets.xcassets */; };
		AC71DE3B2406F5B100363F7A /* LaunchScreen.storyboard in Resources */ = {isa = PBXBuildFile; fileRef = AC71DE392406F5B100363F7A /* LaunchScreen.storyboard */; };
		AC71DE462406F6AC00363F7A /* Main.storyboard in Resources */ = {isa = PBXBuildFile; fileRef = AC71DE452406F6AC00363F7A /* Main.storyboard */; };
		AC71DE4B2406F72800363F7A /* OrderMain.storyboard in Resources */ = {isa = PBXBuildFile; fileRef = AC71DE4A2406F72800363F7A /* OrderMain.storyboard */; };
		AC71DE4D2406F74100363F7A /* OrderMainVC.swift in Sources */ = {isa = PBXBuildFile; fileRef = AC71DE4C2406F74100363F7A /* OrderMainVC.swift */; };
		AC71DE512407047200363F7A /* OrderCreatingOrder.storyboard in Resources */ = {isa = PBXBuildFile; fileRef = AC71DE502407047200363F7A /* OrderCreatingOrder.storyboard */; };
		AC71DE532407048A00363F7A /* OrderCreatingOrderVC.swift in Sources */ = {isa = PBXBuildFile; fileRef = AC71DE522407048A00363F7A /* OrderCreatingOrderVC.swift */; };
/* End PBXBuildFile section */

/* Begin PBXFileReference section */
		AC0586F12408278B00B6CAF1 /* OrderCreatingOrderTableview.swift */ = {isa = PBXFileReference; lastKnownFileType = sourcecode.swift; path = OrderCreatingOrderTableview.swift; sourceTree = "<group>"; };
		AC0586F52408284100B6CAF1 /* OrderOption.swift */ = {isa = PBXFileReference; lastKnownFileType = sourcecode.swift; path = OrderOption.swift; sourceTree = "<group>"; };
		AC0586F724082AA900B6CAF1 /* OCOCustomerCountCell.swift */ = {isa = PBXFileReference; lastKnownFileType = sourcecode.swift; path = OCOCustomerCountCell.swift; sourceTree = "<group>"; };
		AC0586F92408313B00B6CAF1 /* Order.swift */ = {isa = PBXFileReference; lastKnownFileType = sourcecode.swift; path = Order.swift; sourceTree = "<group>"; };
		AC0586FC240835FE00B6CAF1 /* OrderCreatingOrderVCConfiguration.swift */ = {isa = PBXFileReference; lastKnownFileType = sourcecode.swift; path = OrderCreatingOrderVCConfiguration.swift; sourceTree = "<group>"; };
		AC6FE9222408394900F7A616 /* OCOOrderOptionCell.swift */ = {isa = PBXFileReference; lastKnownFileType = sourcecode.swift; path = OCOOrderOptionCell.swift; sourceTree = "<group>"; };
		AC71DE2B2406F5AE00363F7A /* HookahProject.app */ = {isa = PBXFileReference; explicitFileType = wrapper.application; includeInIndex = 0; path = HookahProject.app; sourceTree = BUILT_PRODUCTS_DIR; };
		AC71DE2E2406F5AE00363F7A /* AppDelegate.swift */ = {isa = PBXFileReference; lastKnownFileType = sourcecode.swift; path = AppDelegate.swift; sourceTree = "<group>"; };
		AC71DE302406F5AE00363F7A /* SceneDelegate.swift */ = {isa = PBXFileReference; lastKnownFileType = sourcecode.swift; path = SceneDelegate.swift; sourceTree = "<group>"; };
		AC71DE372406F5B100363F7A /* Assets.xcassets */ = {isa = PBXFileReference; lastKnownFileType = folder.assetcatalog; path = Assets.xcassets; sourceTree = "<group>"; };
		AC71DE3A2406F5B100363F7A /* Base */ = {isa = PBXFileReference; lastKnownFileType = file.storyboard; name = Base; path = Base.lproj/LaunchScreen.storyboard; sourceTree = "<group>"; };
		AC71DE3C2406F5B100363F7A /* Info.plist */ = {isa = PBXFileReference; lastKnownFileType = text.plist.xml; path = Info.plist; sourceTree = "<group>"; };
		AC71DE452406F6AC00363F7A /* Main.storyboard */ = {isa = PBXFileReference; lastKnownFileType = file.storyboard; path = Main.storyboard; sourceTree = "<group>"; };
		AC71DE4A2406F72800363F7A /* OrderMain.storyboard */ = {isa = PBXFileReference; lastKnownFileType = file.storyboard; path = OrderMain.storyboard; sourceTree = "<group>"; };
		AC71DE4C2406F74100363F7A /* OrderMainVC.swift */ = {isa = PBXFileReference; lastKnownFileType = sourcecode.swift; path = OrderMainVC.swift; sourceTree = "<group>"; };
		AC71DE502407047200363F7A /* OrderCreatingOrder.storyboard */ = {isa = PBXFileReference; lastKnownFileType = file.storyboard; path = OrderCreatingOrder.storyboard; sourceTree = "<group>"; };
		AC71DE522407048A00363F7A /* OrderCreatingOrderVC.swift */ = {isa = PBXFileReference; lastKnownFileType = sourcecode.swift; path = OrderCreatingOrderVC.swift; sourceTree = "<group>"; };
/* End PBXFileReference section */

/* Begin PBXFrameworksBuildPhase section */
		AC71DE282406F5AE00363F7A /* Frameworks */ = {
			isa = PBXFrameworksBuildPhase;
			buildActionMask = 2147483647;
			files = (
			);
			runOnlyForDeploymentPostprocessing = 0;
		};
/* End PBXFrameworksBuildPhase section */

/* Begin PBXGroup section */
		AC0586F42408282100B6CAF1 /* OrderEntities */ = {
			isa = PBXGroup;
			children = (
				AC0586F92408313B00B6CAF1 /* Order.swift */,
				AC0586F52408284100B6CAF1 /* OrderOption.swift */,
				AC0586FC240835FE00B6CAF1 /* OrderCreatingOrderVCConfiguration.swift */,
			);
			path = OrderEntities;
			sourceTree = "<group>";
		};
		AC71DE222406F5AE00363F7A = {
			isa = PBXGroup;
			children = (
				AC71DE2D2406F5AE00363F7A /* HookahProject */,
				AC71DE2C2406F5AE00363F7A /* Products */,
			);
			sourceTree = "<group>";
		};
		AC71DE2C2406F5AE00363F7A /* Products */ = {
			isa = PBXGroup;
			children = (
				AC71DE2B2406F5AE00363F7A /* HookahProject.app */,
			);
			name = Products;
			sourceTree = "<group>";
		};
		AC71DE2D2406F5AE00363F7A /* HookahProject */ = {
			isa = PBXGroup;
			children = (
				AC71DE472406F6E200363F7A /* Order */,
				AC71DE432406F5EA00363F7A /* Main */,
				AC71DE422406F5D400363F7A /* SupportingFiles */,
				AC71DE3C2406F5B100363F7A /* Info.plist */,
			);
			path = HookahProject;
			sourceTree = "<group>";
		};
		AC71DE422406F5D400363F7A /* SupportingFiles */ = {
			isa = PBXGroup;
			children = (
				AC71DE2E2406F5AE00363F7A /* AppDelegate.swift */,
				AC71DE302406F5AE00363F7A /* SceneDelegate.swift */,
				AC71DE372406F5B100363F7A /* Assets.xcassets */,
				AC71DE392406F5B100363F7A /* LaunchScreen.storyboard */,
			);
			path = SupportingFiles;
			sourceTree = "<group>";
		};
		AC71DE432406F5EA00363F7A /* Main */ = {
			isa = PBXGroup;
			children = (
				AC71DE442406F68C00363F7A /* View+Controller */,
			);
			path = Main;
			sourceTree = "<group>";
		};
		AC71DE442406F68C00363F7A /* View+Controller */ = {
			isa = PBXGroup;
			children = (
				AC71DE452406F6AC00363F7A /* Main.storyboard */,
			);
			path = "View+Controller";
			sourceTree = "<group>";
		};
		AC71DE472406F6E200363F7A /* Order */ = {
			isa = PBXGroup;
			children = (
				AC71DE482406F71100363F7A /* OrderMain */,
				AC71DE4E2407043D00363F7A /* OrderCreatingOrder */,
				AC0586F42408282100B6CAF1 /* OrderEntities */,
			);
			path = Order;
			sourceTree = "<group>";
		};
		AC71DE482406F71100363F7A /* OrderMain */ = {
			isa = PBXGroup;
			children = (
				AC71DE492406F71900363F7A /* View+Controller */,
			);
			path = OrderMain;
			sourceTree = "<group>";
		};
		AC71DE492406F71900363F7A /* View+Controller */ = {
			isa = PBXGroup;
			children = (
				AC71DE4A2406F72800363F7A /* OrderMain.storyboard */,
				AC71DE4C2406F74100363F7A /* OrderMainVC.swift */,
			);
			path = "View+Controller";
			sourceTree = "<group>";
		};
		AC71DE4E2407043D00363F7A /* OrderCreatingOrder */ = {
			isa = PBXGroup;
			children = (
				AC71DE4F2407045900363F7A /* View+Controller */,
			);
			path = OrderCreatingOrder;
			sourceTree = "<group>";
		};
		AC71DE4F2407045900363F7A /* View+Controller */ = {
			isa = PBXGroup;
			children = (
				AC71DE502407047200363F7A /* OrderCreatingOrder.storyboard */,
				AC71DE522407048A00363F7A /* OrderCreatingOrderVC.swift */,
				AC0586F12408278B00B6CAF1 /* OrderCreatingOrderTableview.swift */,
				AC0586F724082AA900B6CAF1 /* OCOCustomerCountCell.swift */,
				AC6FE9222408394900F7A616 /* OCOOrderOptionCell.swift */,
			);
			path = "View+Controller";
			sourceTree = "<group>";
		};
/* End PBXGroup section */

/* Begin PBXNativeTarget section */
		AC71DE2A2406F5AE00363F7A /* HookahProject */ = {
			isa = PBXNativeTarget;
			buildConfigurationList = AC71DE3F2406F5B100363F7A /* Build configuration list for PBXNativeTarget "HookahProject" */;
			buildPhases = (
				AC71DE272406F5AE00363F7A /* Sources */,
				AC71DE282406F5AE00363F7A /* Frameworks */,
				AC71DE292406F5AE00363F7A /* Resources */,
			);
			buildRules = (
			);
			dependencies = (
			);
			name = HookahProject;
			productName = HookahProject;
			productReference = AC71DE2B2406F5AE00363F7A /* HookahProject.app */;
			productType = "com.apple.product-type.application";
		};
/* End PBXNativeTarget section */

/* Begin PBXProject section */
		AC71DE232406F5AE00363F7A /* Project object */ = {
			isa = PBXProject;
			attributes = {
				LastSwiftUpdateCheck = 1130;
				LastUpgradeCheck = 1130;
				ORGANIZATIONNAME = "Ацамаз Бицоев";
				TargetAttributes = {
					AC71DE2A2406F5AE00363F7A = {
						CreatedOnToolsVersion = 11.3.1;
					};
				};
			};
			buildConfigurationList = AC71DE262406F5AE00363F7A /* Build configuration list for PBXProject "HookahProject" */;
			compatibilityVersion = "Xcode 9.3";
			developmentRegion = en;
			hasScannedForEncodings = 0;
			knownRegions = (
				en,
				Base,
			);
			mainGroup = AC71DE222406F5AE00363F7A;
			productRefGroup = AC71DE2C2406F5AE00363F7A /* Products */;
			projectDirPath = "";
			projectRoot = "";
			targets = (
				AC71DE2A2406F5AE00363F7A /* HookahProject */,
			);
		};
/* End PBXProject section */

/* Begin PBXResourcesBuildPhase section */
		AC71DE292406F5AE00363F7A /* Resources */ = {
			isa = PBXResourcesBuildPhase;
			buildActionMask = 2147483647;
			files = (
				AC71DE512407047200363F7A /* OrderCreatingOrder.storyboard in Resources */,
				AC71DE4B2406F72800363F7A /* OrderMain.storyboard in Resources */,
				AC71DE462406F6AC00363F7A /* Main.storyboard in Resources */,
				AC71DE3B2406F5B100363F7A /* LaunchScreen.storyboard in Resources */,
				AC71DE382406F5B100363F7A /* Assets.xcassets in Resources */,
			);
			runOnlyForDeploymentPostprocessing = 0;
		};
/* End PBXResourcesBuildPhase section */

/* Begin PBXSourcesBuildPhase section */
		AC71DE272406F5AE00363F7A /* Sources */ = {
			isa = PBXSourcesBuildPhase;
			buildActionMask = 2147483647;
			files = (
				AC71DE2F2406F5AE00363F7A /* AppDelegate.swift in Sources */,
				AC71DE312406F5AE00363F7A /* SceneDelegate.swift in Sources */,
				AC0586FA2408313B00B6CAF1 /* Order.swift in Sources */,
				AC71DE4D2406F74100363F7A /* OrderMainVC.swift in Sources */,
				AC0586FD240835FE00B6CAF1 /* OrderCreatingOrderVCConfiguration.swift in Sources */,
				AC0586F824082AA900B6CAF1 /* OCOCustomerCountCell.swift in Sources */,
				AC0586F62408284100B6CAF1 /* OrderOption.swift in Sources */,
				AC0586F22408278B00B6CAF1 /* OrderCreatingOrderTableview.swift in Sources */,
				AC71DE532407048A00363F7A /* OrderCreatingOrderVC.swift in Sources */,
				AC6FE9232408394900F7A616 /* OCOOrderOptionCell.swift in Sources */,
			);
			runOnlyForDeploymentPostprocessing = 0;
		};
/* End PBXSourcesBuildPhase section */

/* Begin PBXVariantGroup section */
		AC71DE392406F5B100363F7A /* LaunchScreen.storyboard */ = {
			isa = PBXVariantGroup;
			children = (
				AC71DE3A2406F5B100363F7A /* Base */,
			);
			name = LaunchScreen.storyboard;
			sourceTree = "<group>";
		};
/* End PBXVariantGroup section */

/* Begin XCBuildConfiguration section */
		AC71DE3D2406F5B100363F7A /* Debug */ = {
			isa = XCBuildConfiguration;
			buildSettings = {
				ALWAYS_SEARCH_USER_PATHS = NO;
				CLANG_ANALYZER_NONNULL = YES;
				CLANG_ANALYZER_NUMBER_OBJECT_CONVERSION = YES_AGGRESSIVE;
				CLANG_CXX_LANGUAGE_STANDARD = "gnu++14";
				CLANG_CXX_LIBRARY = "libc++";
				CLANG_ENABLE_MODULES = YES;
				CLANG_ENABLE_OBJC_ARC = YES;
				CLANG_ENABLE_OBJC_WEAK = YES;
				CLANG_WARN_BLOCK_CAPTURE_AUTORELEASING = YES;
				CLANG_WARN_BOOL_CONVERSION = YES;
				CLANG_WARN_COMMA = YES;
				CLANG_WARN_CONSTANT_CONVERSION = YES;
				CLANG_WARN_DEPRECATED_OBJC_IMPLEMENTATIONS = YES;
				CLANG_WARN_DIRECT_OBJC_ISA_USAGE = YES_ERROR;
				CLANG_WARN_DOCUMENTATION_COMMENTS = YES;
				CLANG_WARN_EMPTY_BODY = YES;
				CLANG_WARN_ENUM_CONVERSION = YES;
				CLANG_WARN_INFINITE_RECURSION = YES;
				CLANG_WARN_INT_CONVERSION = YES;
				CLANG_WARN_NON_LITERAL_NULL_CONVERSION = YES;
				CLANG_WARN_OBJC_IMPLICIT_RETAIN_SELF = YES;
				CLANG_WARN_OBJC_LITERAL_CONVERSION = YES;
				CLANG_WARN_OBJC_ROOT_CLASS = YES_ERROR;
				CLANG_WARN_RANGE_LOOP_ANALYSIS = YES;
				CLANG_WARN_STRICT_PROTOTYPES = YES;
				CLANG_WARN_SUSPICIOUS_MOVE = YES;
				CLANG_WARN_UNGUARDED_AVAILABILITY = YES_AGGRESSIVE;
				CLANG_WARN_UNREACHABLE_CODE = YES;
				CLANG_WARN__DUPLICATE_METHOD_MATCH = YES;
				COPY_PHASE_STRIP = NO;
				DEBUG_INFORMATION_FORMAT = dwarf;
				ENABLE_STRICT_OBJC_MSGSEND = YES;
				ENABLE_TESTABILITY = YES;
				GCC_C_LANGUAGE_STANDARD = gnu11;
				GCC_DYNAMIC_NO_PIC = NO;
				GCC_NO_COMMON_BLOCKS = YES;
				GCC_OPTIMIZATION_LEVEL = 0;
				GCC_PREPROCESSOR_DEFINITIONS = (
					"DEBUG=1",
					"$(inherited)",
				);
				GCC_WARN_64_TO_32_BIT_CONVERSION = YES;
				GCC_WARN_ABOUT_RETURN_TYPE = YES_ERROR;
				GCC_WARN_UNDECLARED_SELECTOR = YES;
				GCC_WARN_UNINITIALIZED_AUTOS = YES_AGGRESSIVE;
				GCC_WARN_UNUSED_FUNCTION = YES;
				GCC_WARN_UNUSED_VARIABLE = YES;
				IPHONEOS_DEPLOYMENT_TARGET = 13.2;
				MTL_ENABLE_DEBUG_INFO = INCLUDE_SOURCE;
				MTL_FAST_MATH = YES;
				ONLY_ACTIVE_ARCH = YES;
				SDKROOT = iphoneos;
				SWIFT_ACTIVE_COMPILATION_CONDITIONS = DEBUG;
				SWIFT_OPTIMIZATION_LEVEL = "-Onone";
			};
			name = Debug;
		};
		AC71DE3E2406F5B100363F7A /* Release */ = {
			isa = XCBuildConfiguration;
			buildSettings = {
				ALWAYS_SEARCH_USER_PATHS = NO;
				CLANG_ANALYZER_NONNULL = YES;
				CLANG_ANALYZER_NUMBER_OBJECT_CONVERSION = YES_AGGRESSIVE;
				CLANG_CXX_LANGUAGE_STANDARD = "gnu++14";
				CLANG_CXX_LIBRARY = "libc++";
				CLANG_ENABLE_MODULES = YES;
				CLANG_ENABLE_OBJC_ARC = YES;
				CLANG_ENABLE_OBJC_WEAK = YES;
				CLANG_WARN_BLOCK_CAPTURE_AUTORELEASING = YES;
				CLANG_WARN_BOOL_CONVERSION = YES;
				CLANG_WARN_COMMA = YES;
				CLANG_WARN_CONSTANT_CONVERSION = YES;
				CLANG_WARN_DEPRECATED_OBJC_IMPLEMENTATIONS = YES;
				CLANG_WARN_DIRECT_OBJC_ISA_USAGE = YES_ERROR;
				CLANG_WARN_DOCUMENTATION_COMMENTS = YES;
				CLANG_WARN_EMPTY_BODY = YES;
				CLANG_WARN_ENUM_CONVERSION = YES;
				CLANG_WARN_INFINITE_RECURSION = YES;
				CLANG_WARN_INT_CONVERSION = YES;
				CLANG_WARN_NON_LITERAL_NULL_CONVERSION = YES;
				CLANG_WARN_OBJC_IMPLICIT_RETAIN_SELF = YES;
				CLANG_WARN_OBJC_LITERAL_CONVERSION = YES;
				CLANG_WARN_OBJC_ROOT_CLASS = YES_ERROR;
				CLANG_WARN_RANGE_LOOP_ANALYSIS = YES;
				CLANG_WARN_STRICT_PROTOTYPES = YES;
				CLANG_WARN_SUSPICIOUS_MOVE = YES;
				CLANG_WARN_UNGUARDED_AVAILABILITY = YES_AGGRESSIVE;
				CLANG_WARN_UNREACHABLE_CODE = YES;
				CLANG_WARN__DUPLICATE_METHOD_MATCH = YES;
				COPY_PHASE_STRIP = NO;
				DEBUG_INFORMATION_FORMAT = "dwarf-with-dsym";
				ENABLE_NS_ASSERTIONS = NO;
				ENABLE_STRICT_OBJC_MSGSEND = YES;
				GCC_C_LANGUAGE_STANDARD = gnu11;
				GCC_NO_COMMON_BLOCKS = YES;
				GCC_WARN_64_TO_32_BIT_CONVERSION = YES;
				GCC_WARN_ABOUT_RETURN_TYPE = YES_ERROR;
				GCC_WARN_UNDECLARED_SELECTOR = YES;
				GCC_WARN_UNINITIALIZED_AUTOS = YES_AGGRESSIVE;
				GCC_WARN_UNUSED_FUNCTION = YES;
				GCC_WARN_UNUSED_VARIABLE = YES;
				IPHONEOS_DEPLOYMENT_TARGET = 13.2;
				MTL_ENABLE_DEBUG_INFO = NO;
				MTL_FAST_MATH = YES;
				SDKROOT = iphoneos;
				SWIFT_COMPILATION_MODE = wholemodule;
				SWIFT_OPTIMIZATION_LEVEL = "-O";
				VALIDATE_PRODUCT = YES;
			};
			name = Release;
		};
		AC71DE402406F5B100363F7A /* Debug */ = {
			isa = XCBuildConfiguration;
			buildSettings = {
				ASSETCATALOG_COMPILER_APPICON_NAME = AppIcon;
				CODE_SIGN_STYLE = Automatic;
				DEVELOPMENT_TEAM = 89WB9E7UEU;
				INFOPLIST_FILE = HookahProject/Info.plist;
				IPHONEOS_DEPLOYMENT_TARGET = 11.0;
				LD_RUNPATH_SEARCH_PATHS = (
					"$(inherited)",
					"@executable_path/Frameworks",
				);
				PRODUCT_BUNDLE_IDENTIFIER = com.bitsoev.HookahProject;
				PRODUCT_NAME = "$(TARGET_NAME)";
				SWIFT_VERSION = 5.0;
				TARGETED_DEVICE_FAMILY = "1,2";
			};
			name = Debug;
		};
		AC71DE412406F5B100363F7A /* Release */ = {
			isa = XCBuildConfiguration;
			buildSettings = {
				ASSETCATALOG_COMPILER_APPICON_NAME = AppIcon;
				CODE_SIGN_STYLE = Automatic;
				DEVELOPMENT_TEAM = 89WB9E7UEU;
				INFOPLIST_FILE = HookahProject/Info.plist;
				IPHONEOS_DEPLOYMENT_TARGET = 11.0;
				LD_RUNPATH_SEARCH_PATHS = (
					"$(inherited)",
					"@executable_path/Frameworks",
				);
				PRODUCT_BUNDLE_IDENTIFIER = com.bitsoev.HookahProject;
				PRODUCT_NAME = "$(TARGET_NAME)";
				SWIFT_VERSION = 5.0;
				TARGETED_DEVICE_FAMILY = "1,2";
			};
			name = Release;
		};
/* End XCBuildConfiguration section */

/* Begin XCConfigurationList section */
		AC71DE262406F5AE00363F7A /* Build configuration list for PBXProject "HookahProject" */ = {
			isa = XCConfigurationList;
			buildConfigurations = (
				AC71DE3D2406F5B100363F7A /* Debug */,
				AC71DE3E2406F5B100363F7A /* Release */,
			);
			defaultConfigurationIsVisible = 0;
			defaultConfigurationName = Release;
		};
		AC71DE3F2406F5B100363F7A /* Build configuration list for PBXNativeTarget "HookahProject" */ = {
			isa = XCConfigurationList;
			buildConfigurations = (
				AC71DE402406F5B100363F7A /* Debug */,
				AC71DE412406F5B100363F7A /* Release */,
			);
			defaultConfigurationIsVisible = 0;
			defaultConfigurationName = Release;
		};
/* End XCConfigurationList section */
	};
	rootObject = AC71DE232406F5AE00363F7A /* Project object */;
}
